
Microsoft Visual Studio Solution File, Format Version 12.00
# Visual Studio Version 17
VisualStudioVersion = 17.11.35327.3
MinimumVisualStudioVersion = 10.0.40219.1
Project("{8BC9CEB8-8B4A-11D0-8D11-00A0C91BC942}") = "albanian virus", "albanian virus\albanian virus.vcxproj", "{E2721E30-3DA5-4313-916E-F7201D610710}"
EndProject
Global
	GlobalSection(SolutionConfigurationPlatforms) = preSolution
		Debug|x64 = Debug|x64
		Debug|x86 = Debug|x86
		Release|x64 = Release|x64
		Release|x86 = Release|x86
	EndGlobalSection
	GlobalSection(ProjectConfigurationPlatforms) = postSolution
		{E2721E30-3DA5-4313-916E-F7201D610710}.Debug|x64.ActiveCfg = Debug|x64
		{E2721E30-3DA5-4313-916E-F7201D610710}.Debug|x64.Build.0 = Debug|x64
		{E2721E30-3DA5-4313-916E-F7201D610710}.Debug|x86.ActiveCfg = Debug|Win32
		{E2721E30-3DA5-4313-916E-F7201D610710}.Debug|x86.Build.0 = Debug|Win32
		{E2721E30-3DA5-4313-916E-F7201D610710}.Release|x64.ActiveCfg = Release|x64
		{E2721E30-3DA5-4313-916E-F7201D610710}.Release|x64.Build.0 = Release|x64
		{E2721E30-3DA5-4313-916E-F7201D610710}.Release|x86.ActiveCfg = Release|Win32
		{E2721E30-3DA5-4313-916E-F7201D610710}.Release|x86.Build.0 = Release|Win32
	EndGlobalSection
	GlobalSection(SolutionProperties) = preSolution
		HideSolutionNode = FALSE
	EndGlobalSection
	GlobalSection(ExtensibilityGlobals) = postSolution
		SolutionGuid = {F2F720A1-EB15-469E-AA6F-588940097E8E}
	EndGlobalSection
EndGlobal
